
Microsoft Visual Studio Solution File, Format Version 12.00
# Visual Studio Version 17
VisualStudioVersion = 17.14.36414.22 d17.14
MinimumVisualStudioVersion = 10.0.40219.1
Project("{FAE04EC0-301F-11D3-BF4B-00C04F79EFBC}") = "SchoolMgmt.Web", "SchoolMgmt.Web.csproj", "{F1C69930-8DA7-402D-8F4B-E7EE3E4C47DC}"
EndProject
Project("{FAE04EC0-301F-11D3-BF4B-00C04F79EFBC}") = "SchoolMgmt.Data", "..\SchoolMgmt.Data\SchoolMgmt.Data.csproj", "{237991E9-7619-4848-A8B3-DCC1B2E46EEB}"
EndProject
Project("{FAE04EC0-301F-11D3-BF4B-00C04F79EFBC}") = "SchoolMgmt.Business", "..\SchoolMgmt.Business\SchoolMgmt.Business.csproj", "{77DE1BA7-C5D1-4646-8B1F-38493BB32836}"
EndProject
Global
	GlobalSection(SolutionConfigurationPlatforms) = preSolution
		Debug|Any CPU = Debug|Any CPU
		Release|Any CPU = Release|Any CPU
	EndGlobalSection
	GlobalSection(ProjectConfigurationPlatforms) = postSolution
		{F1C69930-8DA7-402D-8F4B-E7EE3E4C47DC}.Debug|Any CPU.ActiveCfg = Debug|Any CPU
		{F1C69930-8DA7-402D-8F4B-E7EE3E4C47DC}.Debug|Any CPU.Build.0 = Debug|Any CPU
		{F1C69930-8DA7-402D-8F4B-E7EE3E4C47DC}.Release|Any CPU.ActiveCfg = Release|Any CPU
		{F1C69930-8DA7-402D-8F4B-E7EE3E4C47DC}.Release|Any CPU.Build.0 = Release|Any CPU
		{237991E9-7619-4848-A8B3-DCC1B2E46EEB}.Debug|Any CPU.ActiveCfg = Debug|Any CPU
		{237991E9-7619-4848-A8B3-DCC1B2E46EEB}.Debug|Any CPU.Build.0 = Debug|Any CPU
		{237991E9-7619-4848-A8B3-DCC1B2E46EEB}.Release|Any CPU.ActiveCfg = Release|Any CPU
		{237991E9-7619-4848-A8B3-DCC1B2E46EEB}.Release|Any CPU.Build.0 = Release|Any CPU
		{77DE1BA7-C5D1-4646-8B1F-38493BB32836}.Debug|Any CPU.ActiveCfg = Debug|Any CPU
		{77DE1BA7-C5D1-4646-8B1F-38493BB32836}.Debug|Any CPU.Build.0 = Debug|Any CPU
		{77DE1BA7-C5D1-4646-8B1F-38493BB32836}.Release|Any CPU.ActiveCfg = Release|Any CPU
		{77DE1BA7-C5D1-4646-8B1F-38493BB32836}.Release|Any CPU.Build.0 = Release|Any CPU
	EndGlobalSection
	GlobalSection(SolutionProperties) = preSolution
		HideSolutionNode = FALSE
	EndGlobalSection
	GlobalSection(ExtensibilityGlobals) = postSolution
		SolutionGuid = {ED2FB569-DC9D-44B5-9F20-6C892681880B}
	EndGlobalSection
EndGlobal
